
Microsoft Visual Studio Solution File, Format Version 12.00
# Visual Studio 2013
VisualStudioVersion = 12.0.21005.1
MinimumVisualStudioVersion = 10.0.40219.1
Project("{FAE04EC0-301F-11D3-BF4B-00C04F79EFBC}") = "ValueComparison", "ValueComparer\ValueComparison.csproj", "{282C82C2-E6D9-4B37-8A3F-36F94618541F}"
EndProject
Project("{FAE04EC0-301F-11D3-BF4B-00C04F79EFBC}") = "ExampleProject", "ExampleProject\ExampleProject.csproj", "{275317C5-0E2F-439C-8055-79ADBF96C47A}"
EndProject
Global
	GlobalSection(SolutionConfigurationPlatforms) = preSolution
		Debug|Any CPU = Debug|Any CPU
		Release|Any CPU = Release|Any CPU
	EndGlobalSection
	GlobalSection(ProjectConfigurationPlatforms) = postSolution
		{282C82C2-E6D9-4B37-8A3F-36F94618541F}.Debug|Any CPU.ActiveCfg = Debug|Any CPU
		{282C82C2-E6D9-4B37-8A3F-36F94618541F}.Debug|Any CPU.Build.0 = Debug|Any CPU
		{282C82C2-E6D9-4B37-8A3F-36F94618541F}.Release|Any CPU.ActiveCfg = Release|Any CPU
		{282C82C2-E6D9-4B37-8A3F-36F94618541F}.Release|Any CPU.Build.0 = Release|Any CPU
		{275317C5-0E2F-439C-8055-79ADBF96C47A}.Debug|Any CPU.ActiveCfg = Debug|Any CPU
		{275317C5-0E2F-439C-8055-79ADBF96C47A}.Debug|Any CPU.Build.0 = Debug|Any CPU
		{275317C5-0E2F-439C-8055-79ADBF96C47A}.Release|Any CPU.ActiveCfg = Release|Any CPU
		{275317C5-0E2F-439C-8055-79ADBF96C47A}.Release|Any CPU.Build.0 = Release|Any CPU
	EndGlobalSection
	GlobalSection(SolutionProperties) = preSolution
		HideSolutionNode = FALSE
	EndGlobalSection
EndGlobal
